// !$*UTF8*$!
{
	archiveVersion = 1;
	classes = {
	};
	objectVersion = 48;
	objects = {

/* Begin PBXBuildFile section */
		97A3D2141F6F00C70093C414 /* AppDelegate.swift in Sources */ = {isa = PBXBuildFile; fileRef = 97A3D2131F6F00C70093C414 /* AppDelegate.swift */; };
		97A3D2161F6F00C70093C414 /* ViewController.swift in Sources */ = {isa = PBXBuildFile; fileRef = 97A3D2151F6F00C70093C414 /* ViewController.swift */; };
		97A3D2191F6F00C70093C414 /* Main.storyboard in Resources */ = {isa = PBXBuildFile; fileRef = 97A3D2171F6F00C70093C414 /* Main.storyboard */; };
		97A3D21B1F6F00C70093C414 /* Assets.xcassets in Resources */ = {isa = PBXBuildFile; fileRef = 97A3D21A1F6F00C70093C414 /* Assets.xcassets */; };
		97A3D21E1F6F00C70093C414 /* LaunchScreen.storyboard in Resources */ = {isa = PBXBuildFile; fileRef = 97A3D21C1F6F00C70093C414 /* LaunchScreen.storyboard */; };
/* End PBXBuildFile section */

/* Begin PBXFileReference section */
		97A3D2101F6F00C70093C414 /* FindFacialFeatures.app */ = {isa = PBXFileReference; explicitFileType = wrapper.application; includeInIndex = 0; path = FindFacialFeatures.app; sourceTree = BUILT_PRODUCTS_DIR; };
		97A3D2131F6F00C70093C414 /* AppDelegate.swift */ = {isa = PBXFileReference; lastKnownFileType = sourcecode.swift; path = AppDelegate.swift; sourceTree = "<group>"; };
		97A3D2151F6F00C70093C414 /* ViewController.swift */ = {isa = PBXFileReference; lastKnownFileType = sourcecode.swift; path = ViewController.swift; sourceTree = "<group>"; };
		97A3D2181F6F00C70093C414 /* Base */ = {isa = PBXFileReference; lastKnownFileType = file.storyboard; name = Base; path = Base.lproj/Main.storyboard; sourceTree = "<group>"; };
		97A3D21A1F6F00C70093C414 /* Assets.xcassets */ = {isa = PBXFileReference; lastKnownFileType = folder.assetcatalog; path = Assets.xcassets; sourceTree = "<group>"; };
		97A3D21D1F6F00C70093C414 /* Base */ = {isa = PBXFileReference; lastKnownFileType = file.storyboard; name = Base; path = Base.lproj/LaunchScreen.storyboard; sourceTree = "<group>"; };
		97A3D21F1F6F00C70093C414 /* Info.plist */ = {isa = PBXFileReference; lastKnownFileType = text.plist.xml; path = Info.plist; sourceTree = "<group>"; };
/* End PBXFileReference section */

/* Begin PBXFrameworksBuildPhase section */
		97A3D20D1F6F00C70093C414 /* Frameworks */ = {
			isa = PBXFrameworksBuildPhase;
			buildActionMask = 2147483647;
			files = (
			);
			runOnlyForDeploymentPostprocessing = 0;
		};
/* End PBXFrameworksBuildPhase section */

/* Begin PBXGroup section */
		97A3D2071F6F00C70093C414 = {
			isa = PBXGroup;
			children = (
				97A3D2121F6F00C70093C414 /* FindFacialFeatures */,
				97A3D2111F6F00C70093C414 /* Products */,
			);
			sourceTree = "<group>";
		};
		97A3D2111F6F00C70093C414 /* Products */ = {
			isa = PBXGroup;
			children = (
				97A3D2101F6F00C70093C414 /* FindFacialFeatures.app */,
			);
			name = Products;
			sourceTree = "<group>";
		};
		97A3D2121F6F00C70093C414 /* FindFacialFeatures */ = {
			isa = PBXGroup;
			children = (
				97A3D2131F6F00C70093C414 /* AppDelegate.swift */,
				97A3D2151F6F00C70093C414 /* ViewController.swift */,
				97A3D2171F6F00C70093C414 /* Main.storyboard */,
				97A3D21A1F6F00C70093C414 /* Assets.xcassets */,
				97A3D21C1F6F00C70093C414 /* LaunchScreen.storyboard */,
				97A3D21F1F6F00C70093C414 /* Info.plist */,
			);
			path = FindFacialFeatures;
			sourceTree = "<group>";
		};
/* End PBXGroup section */

/* Begin PBXNativeTarget section */
		97A3D20F1F6F00C70093C414 /* FindFacialFeatures */ = {
			isa = PBXNativeTarget;
			buildConfigurationList = 97A3D2221F6F00C70093C414 /* Build configuration list for PBXNativeTarget "FindFacialFeatures" */;
			buildPhases = (
				97A3D20C1F6F00C70093C414 /* Sources */,
				97A3D20D1F6F00C70093C414 /* Frameworks */,
				97A3D20E1F6F00C70093C414 /* Resources */,
			);
			buildRules = (
			);
			dependencies = (
			);
			name = FindFacialFeatures;
			productName = FindFacialFeatures;
			productReference = 97A3D2101F6F00C70093C414 /* FindFacialFeatures.app */;
			productType = "com.apple.product-type.application";
		};
/* End PBXNativeTarget section */

/* Begin PBXProject section */
		97A3D2081F6F00C70093C414 /* Project object */ = {
			isa = PBXProject;
			attributes = {
				LastSwiftUpdateCheck = 0900;
				LastUpgradeCheck = 0900;
				ORGANIZATIONNAME = DonnyWals;
				TargetAttributes = {
					97A3D20F1F6F00C70093C414 = {
						CreatedOnToolsVersion = 9.0;
						ProvisioningStyle = Automatic;
					};
				};
			};
			buildConfigurationList = 97A3D20B1F6F00C70093C414 /* Build configuration list for PBXProject "FindFacialFeatures" */;
			compatibilityVersion = "Xcode 8.0";
			developmentRegion = en;
			hasScannedForEncodings = 0;
			knownRegions = (
				en,
				Base,
			);
			mainGroup = 97A3D2071F6F00C70093C414;
			productRefGroup = 97A3D2111F6F00C70093C414 /* Products */;
			projectDirPath = "";
			projectRoot = "";
			targets = (
				97A3D20F1F6F00C70093C414 /* FindFacialFeatures */,
			);
		};
/* End PBXProject section */

/* Begin PBXResourcesBuildPhase section */
		97A3D20E1F6F00C70093C414 /* Resources */ = {
			isa = PBXResourcesBuildPhase;
			buildActionMask = 2147483647;
			files = (
				97A3D21E1F6F00C70093C414 /* LaunchScreen.storyboard in Resources */,
				97A3D21B1F6F00C70093C414 /* Assets.xcassets in Resources */,
				97A3D2191F6F00C70093C414 /* Main.storyboard in Resources */,
			);
			runOnlyForDeploymentPostprocessing = 0;
		};
/* End PBXResourcesBuildPhase section */

/* Begin PBXSourcesBuildPhase section */
		97A3D20C1F6F00C70093C414 /* Sources */ = {
			isa = PBXSourcesBuildPhase;
			buildActionMask = 2147483647;
			files = (
				97A3D2161F6F00C70093C414 /* ViewController.swift in Sources */,
				97A3D2141F6F00C70093C414 /* AppDelegate.swift in Sources */,
			);
			runOnlyForDeploymentPostprocessing = 0;
		};
/* End PBXSourcesBuildPhase section */

/* Begin PBXVariantGroup section */
		97A3D2171F6F00C70093C414 /* Main.storyboard */ = {
			isa = PBXVariantGroup;
			children = (
				97A3D2181F6F00C70093C414 /* Base */,
			);
			name = Main.storyboard;
			sourceTree = "<group>";
		};
		97A3D21C1F6F00C70093C414 /* LaunchScreen.storyboard */ = {
			isa = PBXVariantGroup;
			children = (
				97A3D21D1F6F00C70093C414 /* Base */,
			);
			name = LaunchScreen.storyboard;
			sourceTree = "<group>";
		};
/* End PBXVariantGroup section */

/* Begin XCBuildConfiguration section */
		97A3D2201F6F00C70093C414 /* Debug */ = {
			isa = XCBuildConfiguration;
			buildSettings = {
				ALWAYS_SEARCH_USER_PATHS = NO;
				CLANG_ANALYZER_NONNULL = YES;
				CLANG_ANALYZER_NUMBER_OBJECT_CONVERSION = YES_AGGRESSIVE;
				CLANG_CXX_LANGUAGE_STANDARD = "gnu++14";
				CLANG_CXX_LIBRARY = "libc++";
				CLANG_ENABLE_MODULES = YES;
				CLANG_ENABLE_OBJC_ARC = YES;
				CLANG_WARN_BLOCK_CAPTURE_AUTORELEASING = YES;
				CLANG_WARN_BOOL_CONVERSION = YES;
				CLANG_WARN_COMMA = YES;
				CLANG_WARN_CONSTANT_CONVERSION = YES;
				CLANG_WARN_DIRECT_OBJC_ISA_USAGE = YES_ERROR;
				CLANG_WARN_DOCUMENTATION_COMMENTS = YES;
				CLANG_WARN_EMPTY_BODY = YES;
				CLANG_WARN_ENUM_CONVERSION = YES;
				CLANG_WARN_INFINITE_RECURSION = YES;
				CLANG_WARN_INT_CONVERSION = YES;
				CLANG_WARN_NON_LITERAL_NULL_CONVERSION = YES;
				CLANG_WARN_OBJC_LITERAL_CONVERSION = YES;
				CLANG_WARN_OBJC_ROOT_CLASS = YES_ERROR;
				CLANG_WARN_RANGE_LOOP_ANALYSIS = YES;
				CLANG_WARN_STRICT_PROTOTYPES = YES;
				CLANG_WARN_SUSPICIOUS_MOVE = YES;
				CLANG_WARN_UNGUARDED_AVAILABILITY = YES_AGGRESSIVE;
				CLANG_WARN_UNREACHABLE_CODE = YES;
				CLANG_WARN__DUPLICATE_METHOD_MATCH = YES;
				CODE_SIGN_IDENTITY = "iPhone Developer";
				COPY_PHASE_STRIP = NO;
				DEBUG_INFORMATION_FORMAT = dwarf;
				ENABLE_STRICT_OBJC_MSGSEND = YES;
				ENABLE_TESTABILITY = YES;
				GCC_C_LANGUAGE_STANDARD = gnu11;
				GCC_DYNAMIC_NO_PIC = NO;
				GCC_NO_COMMON_BLOCKS = YES;
				GCC_OPTIMIZATION_LEVEL = 0;
				GCC_PREPROCESSOR_DEFINITIONS = (
					"DEBUG=1",
					"$(inherited)",
				);
				GCC_WARN_64_TO_32_BIT_CONVERSION = YES;
				GCC_WARN_ABOUT_RETURN_TYPE = YES_ERROR;
				GCC_WARN_UNDECLARED_SELECTOR = YES;
				GCC_WARN_UNINITIALIZED_AUTOS = YES_AGGRESSIVE;
				GCC_WARN_UNUSED_FUNCTION = YES;
				GCC_WARN_UNUSED_VARIABLE = YES;
				IPHONEOS_DEPLOYMENT_TARGET = 11.0;
				MTL_ENABLE_DEBUG_INFO = YES;
				ONLY_ACTIVE_ARCH = YES;
				SDKROOT = iphoneos;
				SWIFT_ACTIVE_COMPILATION_CONDITIONS = DEBUG;
				SWIFT_OPTIMIZATION_LEVEL = "-Onone";
			};
			name = Debug;
		};
		97A3D2211F6F00C70093C414 /* Release */ = {
			isa = XCBuildConfiguration;
			buildSettings = {
				ALWAYS_SEARCH_USER_PATHS = NO;
				CLANG_ANALYZER_NONNULL = YES;
				CLANG_ANALYZER_NUMBER_OBJECT_CONVERSION = YES_AGGRESSIVE;
				CLANG_CXX_LANGUAGE_STANDARD = "gnu++14";
				CLANG_CXX_LIBRARY = "libc++";
				CLANG_ENABLE_MODULES = YES;
				CLANG_ENABLE_OBJC_ARC = YES;
				CLANG_WARN_BLOCK_CAPTURE_AUTORELEASING = YES;
				CLANG_WARN_BOOL_CONVERSION = YES;
				CLANG_WARN_COMMA = YES;
				CLANG_WARN_CONSTANT_CONVERSION = YES;
				CLANG_WARN_DIRECT_OBJC_ISA_USAGE = YES_ERROR;
				CLANG_WARN_DOCUMENTATION_COMMENTS = YES;
				CLANG_WARN_EMPTY_BODY = YES;
				CLANG_WARN_ENUM_CONVERSION = YES;
				CLANG_WARN_INFINITE_RECURSION = YES;
				CLANG_WARN_INT_CONVERSION = YES;
				CLANG_WARN_NON_LITERAL_NULL_CONVERSION = YES;
				CLANG_WARN_OBJC_LITERAL_CONVERSION = YES;
				CLANG_WARN_OBJC_ROOT_CLASS = YES_ERROR;
				CLANG_WARN_RANGE_LOOP_ANALYSIS = YES;
				CLANG_WARN_STRICT_PROTOTYPES = YES;
				CLANG_WARN_SUSPICIOUS_MOVE = YES;
				CLANG_WARN_UNGUARDED_AVAILABILITY = YES_AGGRESSIVE;
				CLANG_WARN_UNREACHABLE_CODE = YES;
				CLANG_WARN__DUPLICATE_METHOD_MATCH = YES;
				CODE_SIGN_IDENTITY = "iPhone Developer";
				COPY_PHASE_STRIP = NO;
				DEBUG_INFORMATION_FORMAT = "dwarf-with-dsym";
				ENABLE_NS_ASSERTIONS = NO;
				ENABLE_STRICT_OBJC_MSGSEND = YES;
				GCC_C_LANGUAGE_STANDARD = gnu11;
				GCC_NO_COMMON_BLOCKS = YES;
				GCC_WARN_64_TO_32_BIT_CONVERSION = YES;
				GCC_WARN_ABOUT_RETURN_TYPE = YES_ERROR;
				GCC_WARN_UNDECLARED_SELECTOR = YES;
				GCC_WARN_UNINITIALIZED_AUTOS = YES_AGGRESSIVE;
				GCC_WARN_UNUSED_FUNCTION = YES;
				GCC_WARN_UNUSED_VARIABLE = YES;
				IPHONEOS_DEPLOYMENT_TARGET = 11.0;
				MTL_ENABLE_DEBUG_INFO = NO;
				SDKROOT = iphoneos;
				SWIFT_OPTIMIZATION_LEVEL = "-Owholemodule";
				VALIDATE_PRODUCT = YES;
			};
			name = Release;
		};
		97A3D2231F6F00C70093C414 /* Debug */ = {
			isa = XCBuildConfiguration;
			buildSettings = {
				ASSETCATALOG_COMPILER_APPICON_NAME = AppIcon;
				CODE_SIGN_STYLE = Automatic;
				DEVELOPMENT_TEAM = B9AC4MT75G;
				INFOPLIST_FILE = FindFacialFeatures/Info.plist;
				LD_RUNPATH_SEARCH_PATHS = "$(inherited) @executable_path/Frameworks";
				PRODUCT_BUNDLE_IDENTIFIER = com.donnywals.FindFacialFeatures;
				PRODUCT_NAME = "$(TARGET_NAME)";
				SWIFT_VERSION = 4.0;
				TARGETED_DEVICE_FAMILY = "1,2";
			};
			name = Debug;
		};
		97A3D2241F6F00C70093C414 /* Release */ = {
			isa = XCBuildConfiguration;
			buildSettings = {
				ASSETCATALOG_COMPILER_APPICON_NAME = AppIcon;
				CODE_SIGN_STYLE = Automatic;
				DEVELOPMENT_TEAM = B9AC4MT75G;
				INFOPLIST_FILE = FindFacialFeatures/Info.plist;
				LD_RUNPATH_SEARCH_PATHS = "$(inherited) @executable_path/Frameworks";
				PRODUCT_BUNDLE_IDENTIFIER = com.donnywals.FindFacialFeatures;
				PRODUCT_NAME = "$(TARGET_NAME)";
				SWIFT_VERSION = 4.0;
				TARGETED_DEVICE_FAMILY = "1,2";
			};
			name = Release;
		};
/* End XCBuildConfiguration section */

/* Begin XCConfigurationList section */
		97A3D20B1F6F00C70093C414 /* Build configuration list for PBXProject "FindFacialFeatures" */ = {
			isa = XCConfigurationList;
			buildConfigurations = (
				97A3D2201F6F00C70093C414 /* Debug */,
				97A3D2211F6F00C70093C414 /* Release */,
			);
			defaultConfigurationIsVisible = 0;
			defaultConfigurationName = Release;
		};
		97A3D2221F6F00C70093C414 /* Build configuration list for PBXNativeTarget "FindFacialFeatures" */ = {
			isa = XCConfigurationList;
			buildConfigurations = (
				97A3D2231F6F00C70093C414 /* Debug */,
				97A3D2241F6F00C70093C414 /* Release */,
			);
			defaultConfigurationIsVisible = 0;
			defaultConfigurationName = Release;
		};
/* End XCConfigurationList section */
	};
	rootObject = 97A3D2081F6F00C70093C414 /* Project object */;
}
